
Microsoft Visual Studio Solution File, Format Version 12.00
# Visual Studio 15
VisualStudioVersion = 15.0.28307.421
MinimumVisualStudioVersion = 10.0.40219.1
Project("{FAE04EC0-301F-11D3-BF4B-00C04F79EFBC}") = "ConsoleApp1", "ConsoleApp1\ConsoleApp1.csproj", "{ECA6702B-FEF5-4B5A-B3EB-8575618BAAF9}"
EndProject
Project("{FAE04EC0-301F-11D3-BF4B-00C04F79EFBC}") = "Pro.Interface", "Pro.Interface\Pro.Interface.csproj", "{51F7ABCD-2A14-4733-8959-D6E16B32729D}"
EndProject
Project("{FAE04EC0-301F-11D3-BF4B-00C04F79EFBC}") = "App.Project1", "App.Project1\App.Project1.csproj", "{67B217C1-7D0E-467A-83F9-B0A9AEAFA957}"
EndProject
Project("{FAE04EC0-301F-11D3-BF4B-00C04F79EFBC}") = "App.Project2", "App.Project2\App.Project2.csproj", "{376BC79D-C242-401B-BF9B-AB44FE392EBE}"
EndProject
Global
	GlobalSection(SolutionConfigurationPlatforms) = preSolution
		Debug|Any CPU = Debug|Any CPU
		Debug|ARM = Debug|ARM
		Debug|ARM64 = Debug|ARM64
		Debug|x64 = Debug|x64
		Debug|x86 = Debug|x86
		Release|Any CPU = Release|Any CPU
		Release|ARM = Release|ARM
		Release|ARM64 = Release|ARM64
		Release|x64 = Release|x64
		Release|x86 = Release|x86
	EndGlobalSection
	GlobalSection(ProjectConfigurationPlatforms) = postSolution
		{ECA6702B-FEF5-4B5A-B3EB-8575618BAAF9}.Debug|Any CPU.ActiveCfg = Debug|Any CPU
		{ECA6702B-FEF5-4B5A-B3EB-8575618BAAF9}.Debug|Any CPU.Build.0 = Debug|Any CPU
		{ECA6702B-FEF5-4B5A-B3EB-8575618BAAF9}.Debug|ARM.ActiveCfg = Debug|Any CPU
		{ECA6702B-FEF5-4B5A-B3EB-8575618BAAF9}.Debug|ARM.Build.0 = Debug|Any CPU
		{ECA6702B-FEF5-4B5A-B3EB-8575618BAAF9}.Debug|ARM64.ActiveCfg = Debug|Any CPU
		{ECA6702B-FEF5-4B5A-B3EB-8575618BAAF9}.Debug|ARM64.Build.0 = Debug|Any CPU
		{ECA6702B-FEF5-4B5A-B3EB-8575618BAAF9}.Debug|x64.ActiveCfg = Debug|Any CPU
		{ECA6702B-FEF5-4B5A-B3EB-8575618BAAF9}.Debug|x64.Build.0 = Debug|Any CPU
		{ECA6702B-FEF5-4B5A-B3EB-8575618BAAF9}.Debug|x86.ActiveCfg = Debug|Any CPU
		{ECA6702B-FEF5-4B5A-B3EB-8575618BAAF9}.Debug|x86.Build.0 = Debug|Any CPU
		{ECA6702B-FEF5-4B5A-B3EB-8575618BAAF9}.Release|Any CPU.ActiveCfg = Release|Any CPU
		{ECA6702B-FEF5-4B5A-B3EB-8575618BAAF9}.Release|Any CPU.Build.0 = Release|Any CPU
		{ECA6702B-FEF5-4B5A-B3EB-8575618BAAF9}.Release|ARM.ActiveCfg = Release|Any CPU
		{ECA6702B-FEF5-4B5A-B3EB-8575618BAAF9}.Release|ARM.Build.0 = Release|Any CPU
		{ECA6702B-FEF5-4B5A-B3EB-8575618BAAF9}.Release|ARM64.ActiveCfg = Release|Any CPU
		{ECA6702B-FEF5-4B5A-B3EB-8575618BAAF9}.Release|ARM64.Build.0 = Release|Any CPU
		{ECA6702B-FEF5-4B5A-B3EB-8575618BAAF9}.Release|x64.ActiveCfg = Release|Any CPU
		{ECA6702B-FEF5-4B5A-B3EB-8575618BAAF9}.Release|x64.Build.0 = Release|Any CPU
		{ECA6702B-FEF5-4B5A-B3EB-8575618BAAF9}.Release|x86.ActiveCfg = Release|Any CPU
		{ECA6702B-FEF5-4B5A-B3EB-8575618BAAF9}.Release|x86.Build.0 = Release|Any CPU
		{51F7ABCD-2A14-4733-8959-D6E16B32729D}.Debug|Any CPU.ActiveCfg = Debug|Any CPU
		{51F7ABCD-2A14-4733-8959-D6E16B32729D}.Debug|Any CPU.Build.0 = Debug|Any CPU
		{51F7ABCD-2A14-4733-8959-D6E16B32729D}.Debug|ARM.ActiveCfg = Debug|Any CPU
		{51F7ABCD-2A14-4733-8959-D6E16B32729D}.Debug|ARM.Build.0 = Debug|Any CPU
		{51F7ABCD-2A14-4733-8959-D6E16B32729D}.Debug|ARM64.ActiveCfg = Debug|Any CPU
		{51F7ABCD-2A14-4733-8959-D6E16B32729D}.Debug|ARM64.Build.0 = Debug|Any CPU
		{51F7ABCD-2A14-4733-8959-D6E16B32729D}.Debug|x64.ActiveCfg = Debug|Any CPU
		{51F7ABCD-2A14-4733-8959-D6E16B32729D}.Debug|x64.Build.0 = Debug|Any CPU
		{51F7ABCD-2A14-4733-8959-D6E16B32729D}.Debug|x86.ActiveCfg = Debug|Any CPU
		{51F7ABCD-2A14-4733-8959-D6E16B32729D}.Debug|x86.Build.0 = Debug|Any CPU
		{51F7ABCD-2A14-4733-8959-D6E16B32729D}.Release|Any CPU.ActiveCfg = Release|Any CPU
		{51F7ABCD-2A14-4733-8959-D6E16B32729D}.Release|Any CPU.Build.0 = Release|Any CPU
		{51F7ABCD-2A14-4733-8959-D6E16B32729D}.Release|ARM.ActiveCfg = Release|Any CPU
		{51F7ABCD-2A14-4733-8959-D6E16B32729D}.Release|ARM.Build.0 = Release|Any CPU
		{51F7ABCD-2A14-4733-8959-D6E16B32729D}.Release|ARM64.ActiveCfg = Release|Any CPU
		{51F7ABCD-2A14-4733-8959-D6E16B32729D}.Release|ARM64.Build.0 = Release|Any CPU
		{51F7ABCD-2A14-4733-8959-D6E16B32729D}.Release|x64.ActiveCfg = Release|Any CPU
		{51F7ABCD-2A14-4733-8959-D6E16B32729D}.Release|x64.Build.0 = Release|Any CPU
		{51F7ABCD-2A14-4733-8959-D6E16B32729D}.Release|x86.ActiveCfg = Release|Any CPU
		{51F7ABCD-2A14-4733-8959-D6E16B32729D}.Release|x86.Build.0 = Release|Any CPU
		{67B217C1-7D0E-467A-83F9-B0A9AEAFA957}.Debug|Any CPU.ActiveCfg = Debug|Any CPU
		{67B217C1-7D0E-467A-83F9-B0A9AEAFA957}.Debug|Any CPU.Build.0 = Debug|Any CPU
		{67B217C1-7D0E-467A-83F9-B0A9AEAFA957}.Debug|ARM.ActiveCfg = Debug|Any CPU
		{67B217C1-7D0E-467A-83F9-B0A9AEAFA957}.Debug|ARM.Build.0 = Debug|Any CPU
		{67B217C1-7D0E-467A-83F9-B0A9AEAFA957}.Debug|ARM64.ActiveCfg = Debug|Any CPU
		{67B217C1-7D0E-467A-83F9-B0A9AEAFA957}.Debug|ARM64.Build.0 = Debug|Any CPU
		{67B217C1-7D0E-467A-83F9-B0A9AEAFA957}.Debug|x64.ActiveCfg = Debug|Any CPU
		{67B217C1-7D0E-467A-83F9-B0A9AEAFA957}.Debug|x64.Build.0 = Debug|Any CPU
		{67B217C1-7D0E-467A-83F9-B0A9AEAFA957}.Debug|x86.ActiveCfg = Debug|Any CPU
		{67B217C1-7D0E-467A-83F9-B0A9AEAFA957}.Debug|x86.Build.0 = Debug|Any CPU
		{67B217C1-7D0E-467A-83F9-B0A9AEAFA957}.Release|Any CPU.ActiveCfg = Release|Any CPU
		{67B217C1-7D0E-467A-83F9-B0A9AEAFA957}.Release|Any CPU.Build.0 = Release|Any CPU
		{67B217C1-7D0E-467A-83F9-B0A9AEAFA957}.Release|ARM.ActiveCfg = Release|Any CPU
		{67B217C1-7D0E-467A-83F9-B0A9AEAFA957}.Release|ARM.Build.0 = Release|Any CPU
		{67B217C1-7D0E-467A-83F9-B0A9AEAFA957}.Release|ARM64.ActiveCfg = Release|Any CPU
		{67B217C1-7D0E-467A-83F9-B0A9AEAFA957}.Release|ARM64.Build.0 = Release|Any CPU
		{67B217C1-7D0E-467A-83F9-B0A9AEAFA957}.Release|x64.ActiveCfg = Release|Any CPU
		{67B217C1-7D0E-467A-83F9-B0A9AEAFA957}.Release|x64.Build.0 = Release|Any CPU
		{67B217C1-7D0E-467A-83F9-B0A9AEAFA957}.Release|x86.ActiveCfg = Release|Any CPU
		{67B217C1-7D0E-467A-83F9-B0A9AEAFA957}.Release|x86.Build.0 = Release|Any CPU
		{376BC79D-C242-401B-BF9B-AB44FE392EBE}.Debug|Any CPU.ActiveCfg = Debug|Any CPU
		{376BC79D-C242-401B-BF9B-AB44FE392EBE}.Debug|Any CPU.Build.0 = Debug|Any CPU
		{376BC79D-C242-401B-BF9B-AB44FE392EBE}.Debug|ARM.ActiveCfg = Debug|Any CPU
		{376BC79D-C242-401B-BF9B-AB44FE392EBE}.Debug|ARM.Build.0 = Debug|Any CPU
		{376BC79D-C242-401B-BF9B-AB44FE392EBE}.Debug|ARM64.ActiveCfg = Debug|Any CPU
		{376BC79D-C242-401B-BF9B-AB44FE392EBE}.Debug|ARM64.Build.0 = Debug|Any CPU
		{376BC79D-C242-401B-BF9B-AB44FE392EBE}.Debug|x64.ActiveCfg = Debug|Any CPU
		{376BC79D-C242-401B-BF9B-AB44FE392EBE}.Debug|x64.Build.0 = Debug|Any CPU
		{376BC79D-C242-401B-BF9B-AB44FE392EBE}.Debug|x86.ActiveCfg = Debug|Any CPU
		{376BC79D-C242-401B-BF9B-AB44FE392EBE}.Debug|x86.Build.0 = Debug|Any CPU
		{376BC79D-C242-401B-BF9B-AB44FE392EBE}.Release|Any CPU.ActiveCfg = Release|Any CPU
		{376BC79D-C242-401B-BF9B-AB44FE392EBE}.Release|Any CPU.Build.0 = Release|Any CPU
		{376BC79D-C242-401B-BF9B-AB44FE392EBE}.Release|ARM.ActiveCfg = Release|Any CPU
		{376BC79D-C242-401B-BF9B-AB44FE392EBE}.Release|ARM.Build.0 = Release|Any CPU
		{376BC79D-C242-401B-BF9B-AB44FE392EBE}.Release|ARM64.ActiveCfg = Release|Any CPU
		{376BC79D-C242-401B-BF9B-AB44FE392EBE}.Release|ARM64.Build.0 = Release|Any CPU
		{376BC79D-C242-401B-BF9B-AB44FE392EBE}.Release|x64.ActiveCfg = Release|Any CPU
		{376BC79D-C242-401B-BF9B-AB44FE392EBE}.Release|x64.Build.0 = Release|Any CPU
		{376BC79D-C242-401B-BF9B-AB44FE392EBE}.Release|x86.ActiveCfg = Release|Any CPU
		{376BC79D-C242-401B-BF9B-AB44FE392EBE}.Release|x86.Build.0 = Release|Any CPU
	EndGlobalSection
	GlobalSection(SolutionProperties) = preSolution
		HideSolutionNode = FALSE
	EndGlobalSection
	GlobalSection(ExtensibilityGlobals) = postSolution
		SolutionGuid = {8D4930DE-4D50-4855-A415-0B6C56A10BED}
	EndGlobalSection
EndGlobal
